
Microsoft Visual Studio Solution File, Format Version 12.00
# Visual Studio Version 17
VisualStudioVersion = 17.1.32421.90
MinimumVisualStudioVersion = 10.0.40219.1
Project("{9A19103F-16F7-4668-BE54-9A1E7A4F7556}") = "MergerLogic", "MergerLogic\MergerLogic.csproj", "{469D9C94-2B7F-459A-9658-0E950C03A82D}"
EndProject
Project("{9A19103F-16F7-4668-BE54-9A1E7A4F7556}") = "MergerCli", "MergerCli\MergerCli.csproj", "{A5B5FC56-B6A9-4EE1-A21B-05B481AE8CAA}"
EndProject
Project("{2150E333-8FDC-42A3-9474-1A3956D46DE8}") = "Solution Items", "Solution Items", "{1AF7AD11-9DD7-4FF0-9169-C09816F3BAAB}"
	ProjectSection(SolutionItems) = preProject
		.editorconfig = .editorconfig
		.gitignore = .gitignore
		.licrc = .licrc
		lgtm.yml = lgtm.yml
	EndProjectSection
EndProject
Project("{9A19103F-16F7-4668-BE54-9A1E7A4F7556}") = "MergerService", "MergerService\MergerService.csproj", "{000F75C1-01FD-423F-94CD-6F24C5C31A3B}"
EndProject
Project("{9A19103F-16F7-4668-BE54-9A1E7A4F7556}") = "MergerLogicUnitTests", "MergerLogicUnitTests\MergerLogicUnitTests.csproj", "{29DADE7E-10F0-4AD0-9EAE-CF0387E3F1F1}"
EndProject
Project("{9A19103F-16F7-4668-BE54-9A1E7A4F7556}") = "MergerServiceUnitTests", "MergerServiceUnitTests\MergerServiceUnitTests.csproj", "{1E0BF0FA-12E2-4CEA-99C7-1AB692494795}"
EndProject
Project("{FAE04EC0-301F-11D3-BF4B-00C04F79EFBC}") = "MergerLogicBanchmarkTests", "MergerLogicBanchmarkTests\MergerLogicBanchmarkTests.csproj", "{FD89E1F2-7C6E-42E0-96E5-2D7D1D567836}"
EndProject
Global
	GlobalSection(SolutionConfigurationPlatforms) = preSolution
		Debug|Any CPU = Debug|Any CPU
		Release|Any CPU = Release|Any CPU
	EndGlobalSection
	GlobalSection(ProjectConfigurationPlatforms) = postSolution
		{469D9C94-2B7F-459A-9658-0E950C03A82D}.Debug|Any CPU.ActiveCfg = Debug|Any CPU
		{469D9C94-2B7F-459A-9658-0E950C03A82D}.Debug|Any CPU.Build.0 = Debug|Any CPU
		{469D9C94-2B7F-459A-9658-0E950C03A82D}.Release|Any CPU.ActiveCfg = Release|Any CPU
		{469D9C94-2B7F-459A-9658-0E950C03A82D}.Release|Any CPU.Build.0 = Release|Any CPU
		{A5B5FC56-B6A9-4EE1-A21B-05B481AE8CAA}.Debug|Any CPU.ActiveCfg = Debug|Any CPU
		{A5B5FC56-B6A9-4EE1-A21B-05B481AE8CAA}.Debug|Any CPU.Build.0 = Debug|Any CPU
		{A5B5FC56-B6A9-4EE1-A21B-05B481AE8CAA}.Release|Any CPU.ActiveCfg = Release|Any CPU
		{A5B5FC56-B6A9-4EE1-A21B-05B481AE8CAA}.Release|Any CPU.Build.0 = Release|Any CPU
		{000F75C1-01FD-423F-94CD-6F24C5C31A3B}.Debug|Any CPU.ActiveCfg = Debug|Any CPU
		{000F75C1-01FD-423F-94CD-6F24C5C31A3B}.Debug|Any CPU.Build.0 = Debug|Any CPU
		{000F75C1-01FD-423F-94CD-6F24C5C31A3B}.Release|Any CPU.ActiveCfg = Release|Any CPU
		{000F75C1-01FD-423F-94CD-6F24C5C31A3B}.Release|Any CPU.Build.0 = Release|Any CPU
		{29DADE7E-10F0-4AD0-9EAE-CF0387E3F1F1}.Debug|Any CPU.ActiveCfg = Debug|Any CPU
		{29DADE7E-10F0-4AD0-9EAE-CF0387E3F1F1}.Debug|Any CPU.Build.0 = Debug|Any CPU
		{29DADE7E-10F0-4AD0-9EAE-CF0387E3F1F1}.Release|Any CPU.ActiveCfg = Release|Any CPU
		{29DADE7E-10F0-4AD0-9EAE-CF0387E3F1F1}.Release|Any CPU.Build.0 = Release|Any CPU
		{1E0BF0FA-12E2-4CEA-99C7-1AB692494795}.Debug|Any CPU.ActiveCfg = Debug|Any CPU
		{1E0BF0FA-12E2-4CEA-99C7-1AB692494795}.Debug|Any CPU.Build.0 = Debug|Any CPU
		{1E0BF0FA-12E2-4CEA-99C7-1AB692494795}.Release|Any CPU.ActiveCfg = Release|Any CPU
		{1E0BF0FA-12E2-4CEA-99C7-1AB692494795}.Release|Any CPU.Build.0 = Release|Any CPU
		{FD89E1F2-7C6E-42E0-96E5-2D7D1D567836}.Debug|Any CPU.ActiveCfg = Release|Any CPU
		{FD89E1F2-7C6E-42E0-96E5-2D7D1D567836}.Debug|Any CPU.Build.0 = Release|Any CPU
		{FD89E1F2-7C6E-42E0-96E5-2D7D1D567836}.Release|Any CPU.ActiveCfg = Release|Any CPU
		{FD89E1F2-7C6E-42E0-96E5-2D7D1D567836}.Release|Any CPU.Build.0 = Release|Any CPU
	EndGlobalSection
	GlobalSection(SolutionProperties) = preSolution
		HideSolutionNode = FALSE
	EndGlobalSection
	GlobalSection(ExtensibilityGlobals) = postSolution
		SolutionGuid = {C2EBDC06-35B9-48C6-AEDB-44B5A5B0F289}
	EndGlobalSection
EndGlobal
